{
  "requires": true,
  "lockfileVersion": 1,
  "dependencies": {
    "eloc": {
      "version": "1.1.19",
      "resolved": "https://registry.npmjs.org/eloc/-/eloc-1.1.19.tgz",
      "integrity": "sha512-/xOhxz+d/zwBfC8hFkt0uCGxi/2CfciFdE2bCNCVxBwjm9aTZjaA5GuMX/B8EBiG22WLQueOZV6W4R0CaN78Rg==",
      "dev": true
    }
  }
}
