{
  "name": "decks-bd",
  "requires": true,
  "lockfileVersion": 1,
  "dependencies": {
    "eloc": {
      "version": "1.2.2",
      "resolved": "https://registry.npmjs.org/eloc/-/eloc-1.2.2.tgz",
      "integrity": "sha512-b84Yqj1W04Nyi5kIYsTu8fs20h9pa+oahjb3KPan2TlvNhD03usbIZZmZ124zusJVgw8YGtYRFDnI16YI7w6aA==",
      "dev": true
    }
  }
}
